
Microsoft Visual Studio Solution File, Format Version 12.00
# Visual Studio Version 17
VisualStudioVersion = 17.8.34330.188
MinimumVisualStudioVersion = 10.0.40219.1
Project("{FAE04EC0-301F-11D3-BF4B-00C04F79EFBC}") = "SymbiotResultStatus", "SymbiotResultStatus.csproj", "{92C58D11-EB5B-4DE5-BC58-EC04996CF837}"
EndProject
Global
	GlobalSection(SolutionConfigurationPlatforms) = preSolution
		Debug|Any CPU = Debug|Any CPU
		Release|Any CPU = Release|Any CPU
	EndGlobalSection
	GlobalSection(ProjectConfigurationPlatforms) = postSolution
		{92C58D11-EB5B-4DE5-BC58-EC04996CF837}.Debug|Any CPU.ActiveCfg = Debug|Any CPU
		{92C58D11-EB5B-4DE5-BC58-EC04996CF837}.Debug|Any CPU.Build.0 = Debug|Any CPU
		{92C58D11-EB5B-4DE5-BC58-EC04996CF837}.Release|Any CPU.ActiveCfg = Release|Any CPU
		{92C58D11-EB5B-4DE5-BC58-EC04996CF837}.Release|Any CPU.Build.0 = Release|Any CPU
	EndGlobalSection
	GlobalSection(SolutionProperties) = preSolution
		HideSolutionNode = FALSE
	EndGlobalSection
	GlobalSection(ExtensibilityGlobals) = postSolution
		SolutionGuid = {67D0D361-4227-4CA3-A785-B14851CA93AF}
	EndGlobalSection
EndGlobal
